PODS:
  - Capacitor (7.4.0):
    - CapacitorCordova
  - CapacitorApp (7.0.1):
    - Capacitor
  - CapacitorCamera (7.0.1):
    - Capacitor
  - CapacitorClipboard (7.0.1):
    - Capacitor
  - CapacitorCommunitySpeechRecognition (7.0.0):
    - Capacitor
  - CapacitorCordova (7.4.0)
  - CapacitorFilesystem (7.0.1):
    - Capacitor
  - CapacitorShare (7.0.1):
    - Capacitor
  - MinanotesSharingHelper (0.0.1):
    - Capacitor

DEPENDENCIES:
  - "Capacitor (from `../../node_modules/@capacitor/ios`)"
  - "CapacitorApp (from `../../node_modules/@capacitor/app`)"
  - "CapacitorCamera (from `../../node_modules/@capacitor/camera`)"
  - "CapacitorClipboard (from `../../node_modules/@capacitor/clipboard`)"
  - "CapacitorCommunitySpeechRecognition (from `../../node_modules/@capacitor-community/speech-recognition`)"
  - "CapacitorCordova (from `../../node_modules/@capacitor/ios`)"
  - "CapacitorFilesystem (from `../../node_modules/@capacitor/filesystem`)"
  - "CapacitorShare (from `../../node_modules/@capacitor/share`)"
  - "MinanotesSharingHelper (from `../../@minanotes/sharing-helper`)"

EXTERNAL SOURCES:
  Capacitor:
    :path: "../../node_modules/@capacitor/ios"
  CapacitorApp:
    :path: "../../node_modules/@capacitor/app"
  CapacitorCamera:
    :path: "../../node_modules/@capacitor/camera"
  CapacitorClipboard:
    :path: "../../node_modules/@capacitor/clipboard"
  CapacitorCommunitySpeechRecognition:
    :path: "../../node_modules/@capacitor-community/speech-recognition"
  CapacitorCordova:
    :path: "../../node_modules/@capacitor/ios"
  CapacitorFilesystem:
    :path: "../../node_modules/@capacitor/filesystem"
  CapacitorShare:
    :path: "../../node_modules/@capacitor/share"
  MinanotesSharingHelper:
    :path: "../../@minanotes/sharing-helper"

SPEC CHECKSUMS:
  Capacitor: 10feab36396883c55373328124a677f118cd4b5f
  CapacitorApp: febecbb9582cb353aed037e18ec765141f880fe9
  CapacitorCamera: 6e73f1fc6c629a672658705a02409b60854bc0f1
  CapacitorClipboard: 70bfdb42b877b320a6e511ab94fa7a6a55d57ecb
  CapacitorCommunitySpeechRecognition: 68f49415c98181d13c0a5b49e14dfb8752f01975
  CapacitorCordova: 723e017d8a80ab2ede9959fbe37556c35ac860d5
  CapacitorFilesystem: e6261c410436f54908c11f94336c5b58286b1db0
  CapacitorShare: e573823f511f260f598d0423c33b1e3d7bbe5fd1
  MinanotesSharingHelper: 993612c9c0fb2b023659f1816193d0e2d29645fa

PODFILE CHECKSUM: a9c2505dd9a5a6c7a829191ba08d0ba9b3d21424

COCOAPODS: 1.16.2
