PODS:
  - Capacitor (7.2.0):
    - CapacitorCordova
  - CapacitorCommunitySpeechRecognition (7.0.0):
    - Capacitor
  - CapacitorCordova (7.2.0)
  - CapacitorShare (7.0.1):
    - Capacitor

DEPENDENCIES:
  - "Capacitor (from `../../node_modules/@capacitor/ios`)"
  - "CapacitorCommunitySpeechRecognition (from `../../node_modules/@capacitor-community/speech-recognition`)"
  - "CapacitorCordova (from `../../node_modules/@capacitor/ios`)"
  - "CapacitorShare (from `../../node_modules/@capacitor/share`)"

EXTERNAL SOURCES:
  Capacitor:
    :path: "../../node_modules/@capacitor/ios"
  CapacitorCommunitySpeechRecognition:
    :path: "../../node_modules/@capacitor-community/speech-recognition"
  CapacitorCordova:
    :path: "../../node_modules/@capacitor/ios"
  CapacitorShare:
    :path: "../../node_modules/@capacitor/share"

SPEC CHECKSUMS:
  Capacitor: 03bc7cbdde6a629a8b910a9d7d78c3cc7ed09ea7
  CapacitorCommunitySpeechRecognition: 68f49415c98181d13c0a5b49e14dfb8752f01975
  CapacitorCordova: 5967b9ba03915ef1d585469d6e31f31dc49be96f
  CapacitorShare: e573823f511f260f598d0423c33b1e3d7bbe5fd1

PODFILE CHECKSUM: a590688cc6f1f5cd2249422a3d1a59c854938086

COCOAPODS: 1.16.2
